{
  "name": "client",
  "lockfileVersion": 3,
  "requires": true,
  "packages": {
    "": {
      "dependencies": {
        "altcha": "^0.6.0"
      }
    },
    "node_modules/altcha": {
      "version": "0.6.0",
      "resolved": "https://registry.npmjs.org/altcha/-/altcha-0.6.0.tgz",
      "integrity": "sha512-XsdRvc5m4FCGuvYUJetxHrkmSxrw5fWihBoamhsgIsCFFxRyc/PAyHFwhINIR6wm27ixxaCaxZH01kkpDRSYRg=="
    }
  }
}
